
Microsoft Visual Studio Solution File, Format Version 12.00
# Visual Studio 2013
VisualStudioVersion = 12.0.31101.0
MinimumVisualStudioVersion = 10.0.40219.1
Project("{FAE04EC0-301F-11D3-BF4B-00C04F79EFBC}") = "Task2", "Customer\Task2.csproj", "{2386AA21-4CE0-4E00-8539-4AED08F19971}"
EndProject
Project("{FAE04EC0-301F-11D3-BF4B-00C04F79EFBC}") = "Task2.Test", "Task2.Test\Task2.Test.csproj", "{C90F21BF-7EE7-49C7-9F78-CF542CCAC03A}"
EndProject
Project("{FAE04EC0-301F-11D3-BF4B-00C04F79EFBC}") = "Task3", "Task3\Task3.csproj", "{1DEEA5D1-49FC-4A88-83FE-79C249515A29}"
EndProject
Project("{FAE04EC0-301F-11D3-BF4B-00C04F79EFBC}") = "Task3.Test", "Task3.Test\Task3.Test.csproj", "{2BB3EE75-A412-456E-9231-9FCAE6722FE2}"
EndProject
Project("{FAE04EC0-301F-11D3-BF4B-00C04F79EFBC}") = "Task4", "Task4\Task4.csproj", "{4C7E2BE7-CB38-4199-9B4B-973D68A6CA01}"
EndProject
Project("{FAE04EC0-301F-11D3-BF4B-00C04F79EFBC}") = "Task4.Test", "Task4.Test\Task4.Test.csproj", "{BEDB615F-54D9-4AD7-82D5-64B488A12204}"
EndProject
Global
	GlobalSection(SolutionConfigurationPlatforms) = preSolution
		Debug|Any CPU = Debug|Any CPU
		Release|Any CPU = Release|Any CPU
	EndGlobalSection
	GlobalSection(ProjectConfigurationPlatforms) = postSolution
		{2386AA21-4CE0-4E00-8539-4AED08F19971}.Debug|Any CPU.ActiveCfg = Debug|Any CPU
		{2386AA21-4CE0-4E00-8539-4AED08F19971}.Debug|Any CPU.Build.0 = Debug|Any CPU
		{2386AA21-4CE0-4E00-8539-4AED08F19971}.Release|Any CPU.ActiveCfg = Release|Any CPU
		{2386AA21-4CE0-4E00-8539-4AED08F19971}.Release|Any CPU.Build.0 = Release|Any CPU
		{C90F21BF-7EE7-49C7-9F78-CF542CCAC03A}.Debug|Any CPU.ActiveCfg = Debug|Any CPU
		{C90F21BF-7EE7-49C7-9F78-CF542CCAC03A}.Debug|Any CPU.Build.0 = Debug|Any CPU
		{C90F21BF-7EE7-49C7-9F78-CF542CCAC03A}.Release|Any CPU.ActiveCfg = Release|Any CPU
		{C90F21BF-7EE7-49C7-9F78-CF542CCAC03A}.Release|Any CPU.Build.0 = Release|Any CPU
		{1DEEA5D1-49FC-4A88-83FE-79C249515A29}.Debug|Any CPU.ActiveCfg = Debug|Any CPU
		{1DEEA5D1-49FC-4A88-83FE-79C249515A29}.Debug|Any CPU.Build.0 = Debug|Any CPU
		{1DEEA5D1-49FC-4A88-83FE-79C249515A29}.Release|Any CPU.ActiveCfg = Release|Any CPU
		{1DEEA5D1-49FC-4A88-83FE-79C249515A29}.Release|Any CPU.Build.0 = Release|Any CPU
		{2BB3EE75-A412-456E-9231-9FCAE6722FE2}.Debug|Any CPU.ActiveCfg = Debug|Any CPU
		{2BB3EE75-A412-456E-9231-9FCAE6722FE2}.Debug|Any CPU.Build.0 = Debug|Any CPU
		{2BB3EE75-A412-456E-9231-9FCAE6722FE2}.Release|Any CPU.ActiveCfg = Release|Any CPU
		{2BB3EE75-A412-456E-9231-9FCAE6722FE2}.Release|Any CPU.Build.0 = Release|Any CPU
		{4C7E2BE7-CB38-4199-9B4B-973D68A6CA01}.Debug|Any CPU.ActiveCfg = Debug|Any CPU
		{4C7E2BE7-CB38-4199-9B4B-973D68A6CA01}.Debug|Any CPU.Build.0 = Debug|Any CPU
		{4C7E2BE7-CB38-4199-9B4B-973D68A6CA01}.Release|Any CPU.ActiveCfg = Release|Any CPU
		{4C7E2BE7-CB38-4199-9B4B-973D68A6CA01}.Release|Any CPU.Build.0 = Release|Any CPU
		{BEDB615F-54D9-4AD7-82D5-64B488A12204}.Debug|Any CPU.ActiveCfg = Debug|Any CPU
		{BEDB615F-54D9-4AD7-82D5-64B488A12204}.Debug|Any CPU.Build.0 = Debug|Any CPU
		{BEDB615F-54D9-4AD7-82D5-64B488A12204}.Release|Any CPU.ActiveCfg = Release|Any CPU
		{BEDB615F-54D9-4AD7-82D5-64B488A12204}.Release|Any CPU.Build.0 = Release|Any CPU
	EndGlobalSection
	GlobalSection(SolutionProperties) = preSolution
		HideSolutionNode = FALSE
	EndGlobalSection
EndGlobal
